// !$*UTF8*$!
{
	archiveVersion = 1;
	classes = {
	};
	objectVersion = 56;
	objects = {

/* Begin PBXBuildFile section */
		995792FD2B103A0200F2FF42 /* FirstPageViewController.swift in Sources */ = {isa = PBXBuildFile; fileRef = 995792FC2B103A0200F2FF42 /* FirstPageViewController.swift */; };
		998F1F8C2ADC6670004F8F0E /* AppDelegate.swift in Sources */ = {isa = PBXBuildFile; fileRef = 998F1F8B2ADC6670004F8F0E /* AppDelegate.swift */; };
		998F1F8E2ADC6670004F8F0E /* SceneDelegate.swift in Sources */ = {isa = PBXBuildFile; fileRef = 998F1F8D2ADC6670004F8F0E /* SceneDelegate.swift */; };
		998F1F902ADC6671004F8F0E /* Assets.xcassets in Resources */ = {isa = PBXBuildFile; fileRef = 998F1F8F2ADC6671004F8F0E /* Assets.xcassets */; };
		998F1F932ADC6671004F8F0E /* Preview Assets.xcassets in Resources */ = {isa = PBXBuildFile; fileRef = 998F1F922ADC6671004F8F0E /* Preview Assets.xcassets */; };
		A62024032B0FD478002BCC6C /* Main.storyboard in Resources */ = {isa = PBXBuildFile; fileRef = A62024022B0FD478002BCC6C /* Main.storyboard */; };
		A62024092B0FF433002BCC6C /* LoginViewController.swift in Sources */ = {isa = PBXBuildFile; fileRef = A62024082B0FF433002BCC6C /* LoginViewController.swift */; };
		A620240B2B0FF539002BCC6C /* CreateAccountViewController.swift in Sources */ = {isa = PBXBuildFile; fileRef = A620240A2B0FF539002BCC6C /* CreateAccountViewController.swift */; };
		A620240D2B0FF680002BCC6C /* GoogleService-Info.plist in Resources */ = {isa = PBXBuildFile; fileRef = A620240C2B0FF680002BCC6C /* GoogleService-Info.plist */; };
		A62024102B0FF7ED002BCC6C /* FirebaseAnalytics in Frameworks */ = {isa = PBXBuildFile; productRef = A620240F2B0FF7ED002BCC6C /* FirebaseAnalytics */; };
		A62024122B0FF7ED002BCC6C /* FirebaseAnalyticsOnDeviceConversion in Frameworks */ = {isa = PBXBuildFile; productRef = A62024112B0FF7ED002BCC6C /* FirebaseAnalyticsOnDeviceConversion */; };
		A62024142B0FF7ED002BCC6C /* FirebaseAnalyticsSwift in Frameworks */ = {isa = PBXBuildFile; productRef = A62024132B0FF7ED002BCC6C /* FirebaseAnalyticsSwift */; };
		A62024162B0FF7ED002BCC6C /* FirebaseAnalyticsWithoutAdIdSupport in Frameworks */ = {isa = PBXBuildFile; productRef = A62024152B0FF7ED002BCC6C /* FirebaseAnalyticsWithoutAdIdSupport */; };
		A62024182B0FF7ED002BCC6C /* FirebaseAppCheck in Frameworks */ = {isa = PBXBuildFile; productRef = A62024172B0FF7ED002BCC6C /* FirebaseAppCheck */; };
		A620241A2B0FF7ED002BCC6C /* FirebaseAppDistribution-Beta in Frameworks */ = {isa = PBXBuildFile; productRef = A62024192B0FF7ED002BCC6C /* FirebaseAppDistribution-Beta */; };
		A620241C2B0FF7ED002BCC6C /* FirebaseAuth in Frameworks */ = {isa = PBXBuildFile; productRef = A620241B2B0FF7ED002BCC6C /* FirebaseAuth */; };
		A620241E2B0FF7ED002BCC6C /* FirebaseAuthCombine-Community in Frameworks */ = {isa = PBXBuildFile; productRef = A620241D2B0FF7ED002BCC6C /* FirebaseAuthCombine-Community */; };
		A62024202B0FF7ED002BCC6C /* FirebaseCrashlytics in Frameworks */ = {isa = PBXBuildFile; productRef = A620241F2B0FF7ED002BCC6C /* FirebaseCrashlytics */; };
		A62024222B0FF7ED002BCC6C /* FirebaseDatabase in Frameworks */ = {isa = PBXBuildFile; productRef = A62024212B0FF7ED002BCC6C /* FirebaseDatabase */; };
		A62024242B0FF7ED002BCC6C /* FirebaseDatabaseSwift in Frameworks */ = {isa = PBXBuildFile; productRef = A62024232B0FF7ED002BCC6C /* FirebaseDatabaseSwift */; };
		A62024262B0FF7ED002BCC6C /* FirebaseDynamicLinks in Frameworks */ = {isa = PBXBuildFile; productRef = A62024252B0FF7ED002BCC6C /* FirebaseDynamicLinks */; };
		A62024282B0FF7ED002BCC6C /* FirebaseFirestore in Frameworks */ = {isa = PBXBuildFile; productRef = A62024272B0FF7ED002BCC6C /* FirebaseFirestore */; };
		A620242A2B0FF7ED002BCC6C /* FirebaseFirestoreCombine-Community in Frameworks */ = {isa = PBXBuildFile; productRef = A62024292B0FF7ED002BCC6C /* FirebaseFirestoreCombine-Community */; };
		A620242C2B0FF7ED002BCC6C /* FirebaseFirestoreSwift in Frameworks */ = {isa = PBXBuildFile; productRef = A620242B2B0FF7ED002BCC6C /* FirebaseFirestoreSwift */; };
		A620242E2B0FF7ED002BCC6C /* FirebaseFunctions in Frameworks */ = {isa = PBXBuildFile; productRef = A620242D2B0FF7ED002BCC6C /* FirebaseFunctions */; };
		A62024302B0FF7ED002BCC6C /* FirebaseFunctionsCombine-Community in Frameworks */ = {isa = PBXBuildFile; productRef = A620242F2B0FF7ED002BCC6C /* FirebaseFunctionsCombine-Community */; };
		A62024322B0FF7ED002BCC6C /* FirebaseInAppMessaging-Beta in Frameworks */ = {isa = PBXBuildFile; productRef = A62024312B0FF7ED002BCC6C /* FirebaseInAppMessaging-Beta */; };
		A62024342B0FF7ED002BCC6C /* FirebaseInAppMessagingSwift-Beta in Frameworks */ = {isa = PBXBuildFile; productRef = A62024332B0FF7ED002BCC6C /* FirebaseInAppMessagingSwift-Beta */; };
		A62024362B0FF7ED002BCC6C /* FirebaseInstallations in Frameworks */ = {isa = PBXBuildFile; productRef = A62024352B0FF7ED002BCC6C /* FirebaseInstallations */; };
		A62024382B0FF7ED002BCC6C /* FirebaseMLModelDownloader in Frameworks */ = {isa = PBXBuildFile; productRef = A62024372B0FF7ED002BCC6C /* FirebaseMLModelDownloader */; };
		A620243A2B0FF7ED002BCC6C /* FirebaseMessaging in Frameworks */ = {isa = PBXBuildFile; productRef = A62024392B0FF7ED002BCC6C /* FirebaseMessaging */; };
		A620243C2B0FF7ED002BCC6C /* FirebasePerformance in Frameworks */ = {isa = PBXBuildFile; productRef = A620243B2B0FF7ED002BCC6C /* FirebasePerformance */; };
		A620243E2B0FF7ED002BCC6C /* FirebaseRemoteConfig in Frameworks */ = {isa = PBXBuildFile; productRef = A620243D2B0FF7ED002BCC6C /* FirebaseRemoteConfig */; };
		A62024402B0FF7ED002BCC6C /* FirebaseRemoteConfigSwift in Frameworks */ = {isa = PBXBuildFile; productRef = A620243F2B0FF7ED002BCC6C /* FirebaseRemoteConfigSwift */; };
		A62024422B0FF7ED002BCC6C /* FirebaseStorage in Frameworks */ = {isa = PBXBuildFile; productRef = A62024412B0FF7ED002BCC6C /* FirebaseStorage */; };
		A62024442B0FF7ED002BCC6C /* FirebaseStorageCombine-Community in Frameworks */ = {isa = PBXBuildFile; productRef = A62024432B0FF7ED002BCC6C /* FirebaseStorageCombine-Community */; };
/* End PBXBuildFile section */

/* Begin PBXFileReference section */
		992221ED2B102FDF00FBDFE2 /* mend.sh */ = {isa = PBXFileReference; lastKnownFileType = text.script.sh; path = mend.sh; sourceTree = "<group>"; };
		995792FC2B103A0200F2FF42 /* FirstPageViewController.swift */ = {isa = PBXFileReference; lastKnownFileType = sourcecode.swift; path = FirstPageViewController.swift; sourceTree = "<group>"; };
		998F1F882ADC6670004F8F0E /* ProjectAIFriend25.app */ = {isa = PBXFileReference; explicitFileType = wrapper.application; includeInIndex = 0; path = ProjectAIFriend25.app; sourceTree = BUILT_PRODUCTS_DIR; };
		998F1F8B2ADC6670004F8F0E /* AppDelegate.swift */ = {isa = PBXFileReference; lastKnownFileType = sourcecode.swift; path = AppDelegate.swift; sourceTree = "<group>"; };
		998F1F8D2ADC6670004F8F0E /* SceneDelegate.swift */ = {isa = PBXFileReference; lastKnownFileType = sourcecode.swift; path = SceneDelegate.swift; sourceTree = "<group>"; };
		998F1F8F2ADC6671004F8F0E /* Assets.xcassets */ = {isa = PBXFileReference; lastKnownFileType = folder.assetcatalog; path = Assets.xcassets; sourceTree = "<group>"; };
		998F1F922ADC6671004F8F0E /* Preview Assets.xcassets */ = {isa = PBXFileReference; lastKnownFileType = folder.assetcatalog; path = "Preview Assets.xcassets"; sourceTree = "<group>"; };
		A62024022B0FD478002BCC6C /* Main.storyboard */ = {isa = PBXFileReference; lastKnownFileType = file.storyboard; path = Main.storyboard; sourceTree = "<group>"; };
		A62024082B0FF433002BCC6C /* LoginViewController.swift */ = {isa = PBXFileReference; lastKnownFileType = sourcecode.swift; path = LoginViewController.swift; sourceTree = "<group>"; };
		A620240A2B0FF539002BCC6C /* CreateAccountViewController.swift */ = {isa = PBXFileReference; lastKnownFileType = sourcecode.swift; path = CreateAccountViewController.swift; sourceTree = "<group>"; };
		A620240C2B0FF680002BCC6C /* GoogleService-Info.plist */ = {isa = PBXFileReference; fileEncoding = 4; lastKnownFileType = text.plist.xml; path = "GoogleService-Info.plist"; sourceTree = "<group>"; };
/* End PBXFileReference section */

/* Begin PBXFrameworksBuildPhase section */
		998F1F852ADC6670004F8F0E /* Frameworks */ = {
			isa = PBXFrameworksBuildPhase;
			buildActionMask = 2147483647;
			files = (
				A62024222B0FF7ED002BCC6C /* FirebaseDatabase in Frameworks */,
				A62024302B0FF7ED002BCC6C /* FirebaseFunctionsCombine-Community in Frameworks */,
				A62024282B0FF7ED002BCC6C /* FirebaseFirestore in Frameworks */,
				A62024142B0FF7ED002BCC6C /* FirebaseAnalyticsSwift in Frameworks */,
				A62024102B0FF7ED002BCC6C /* FirebaseAnalytics in Frameworks */,
				A62024122B0FF7ED002BCC6C /* FirebaseAnalyticsOnDeviceConversion in Frameworks */,
				A62024382B0FF7ED002BCC6C /* FirebaseMLModelDownloader in Frameworks */,
				A620242C2B0FF7ED002BCC6C /* FirebaseFirestoreSwift in Frameworks */,
				A62024182B0FF7ED002BCC6C /* FirebaseAppCheck in Frameworks */,
				A62024162B0FF7ED002BCC6C /* FirebaseAnalyticsWithoutAdIdSupport in Frameworks */,
				A620241C2B0FF7ED002BCC6C /* FirebaseAuth in Frameworks */,
				A62024202B0FF7ED002BCC6C /* FirebaseCrashlytics in Frameworks */,
				A62024402B0FF7ED002BCC6C /* FirebaseRemoteConfigSwift in Frameworks */,
				A62024322B0FF7ED002BCC6C /* FirebaseInAppMessaging-Beta in Frameworks */,
				A62024242B0FF7ED002BCC6C /* FirebaseDatabaseSwift in Frameworks */,
				A620242E2B0FF7ED002BCC6C /* FirebaseFunctions in Frameworks */,
				A62024442B0FF7ED002BCC6C /* FirebaseStorageCombine-Community in Frameworks */,
				A620243E2B0FF7ED002BCC6C /* FirebaseRemoteConfig in Frameworks */,
				A620241A2B0FF7ED002BCC6C /* FirebaseAppDistribution-Beta in Frameworks */,
				A620241E2B0FF7ED002BCC6C /* FirebaseAuthCombine-Community in Frameworks */,
				A620243C2B0FF7ED002BCC6C /* FirebasePerformance in Frameworks */,
				A62024342B0FF7ED002BCC6C /* FirebaseInAppMessagingSwift-Beta in Frameworks */,
				A62024422B0FF7ED002BCC6C /* FirebaseStorage in Frameworks */,
				A62024262B0FF7ED002BCC6C /* FirebaseDynamicLinks in Frameworks */,
				A620242A2B0FF7ED002BCC6C /* FirebaseFirestoreCombine-Community in Frameworks */,
				A620243A2B0FF7ED002BCC6C /* FirebaseMessaging in Frameworks */,
				A62024362B0FF7ED002BCC6C /* FirebaseInstallations in Frameworks */,
			);
			runOnlyForDeploymentPostprocessing = 0;
		};
/* End PBXFrameworksBuildPhase section */

/* Begin PBXGroup section */
		992221EC2B102F8000FBDFE2 /* workpls */ = {
			isa = PBXGroup;
			children = (
				992221ED2B102FDF00FBDFE2 /* mend.sh */,
			);
			path = workpls;
			sourceTree = "<group>";
		};
		998F1F7F2ADC6670004F8F0E = {
			isa = PBXGroup;
			children = (
				992221EC2B102F8000FBDFE2 /* workpls */,
				998F1F8A2ADC6670004F8F0E /* ProjectAIFriend25 */,
				998F1F892ADC6670004F8F0E /* Products */,
			);
			sourceTree = "<group>";
		};
		998F1F892ADC6670004F8F0E /* Products */ = {
			isa = PBXGroup;
			children = (
				998F1F882ADC6670004F8F0E /* ProjectAIFriend25.app */,
			);
			name = Products;
			sourceTree = "<group>";
		};
		998F1F8A2ADC6670004F8F0E /* ProjectAIFriend25 */ = {
			isa = PBXGroup;
			children = (
				998F1F8D2ADC6670004F8F0E /* SceneDelegate.swift */,
				998F1F8B2ADC6670004F8F0E /* AppDelegate.swift */,
				A62024022B0FD478002BCC6C /* Main.storyboard */,
				995792FC2B103A0200F2FF42 /* FirstPageViewController.swift */,
				A62024082B0FF433002BCC6C /* LoginViewController.swift */,
				A620240A2B0FF539002BCC6C /* CreateAccountViewController.swift */,
				998F1F8F2ADC6671004F8F0E /* Assets.xcassets */,
				998F1F912ADC6671004F8F0E /* Preview Content */,
			);
			path = ProjectAIFriend25;
			sourceTree = "<group>";
		};
		998F1F912ADC6671004F8F0E /* Preview Content */ = {
			isa = PBXGroup;
			children = (
				A620240C2B0FF680002BCC6C /* GoogleService-Info.plist */,
				998F1F922ADC6671004F8F0E /* Preview Assets.xcassets */,
			);
			path = "Preview Content";
			sourceTree = "<group>";
		};
/* End PBXGroup section */

/* Begin PBXNativeTarget section */
		998F1F872ADC6670004F8F0E /* ProjectAIFriend25 */ = {
			isa = PBXNativeTarget;
			buildConfigurationList = 998F1F962ADC6671004F8F0E /* Build configuration list for PBXNativeTarget "ProjectAIFriend25" */;
			buildPhases = (
				998F1F842ADC6670004F8F0E /* Sources */,
				998F1F852ADC6670004F8F0E /* Frameworks */,
				998F1F862ADC6670004F8F0E /* Resources */,
			);
			buildRules = (
			);
			dependencies = (
			);
			name = ProjectAIFriend25;
			packageProductDependencies = (
				A620240F2B0FF7ED002BCC6C /* FirebaseAnalytics */,
				A62024112B0FF7ED002BCC6C /* FirebaseAnalyticsOnDeviceConversion */,
				A62024132B0FF7ED002BCC6C /* FirebaseAnalyticsSwift */,
				A62024152B0FF7ED002BCC6C /* FirebaseAnalyticsWithoutAdIdSupport */,
				A62024172B0FF7ED002BCC6C /* FirebaseAppCheck */,
				A62024192B0FF7ED002BCC6C /* FirebaseAppDistribution-Beta */,
				A620241B2B0FF7ED002BCC6C /* FirebaseAuth */,
				A620241D2B0FF7ED002BCC6C /* FirebaseAuthCombine-Community */,
				A620241F2B0FF7ED002BCC6C /* FirebaseCrashlytics */,
				A62024212B0FF7ED002BCC6C /* FirebaseDatabase */,
				A62024232B0FF7ED002BCC6C /* FirebaseDatabaseSwift */,
				A62024252B0FF7ED002BCC6C /* FirebaseDynamicLinks */,
				A62024272B0FF7ED002BCC6C /* FirebaseFirestore */,
				A62024292B0FF7ED002BCC6C /* FirebaseFirestoreCombine-Community */,
				A620242B2B0FF7ED002BCC6C /* FirebaseFirestoreSwift */,
				A620242D2B0FF7ED002BCC6C /* FirebaseFunctions */,
				A620242F2B0FF7ED002BCC6C /* FirebaseFunctionsCombine-Community */,
				A62024312B0FF7ED002BCC6C /* FirebaseInAppMessaging-Beta */,
				A62024332B0FF7ED002BCC6C /* FirebaseInAppMessagingSwift-Beta */,
				A62024352B0FF7ED002BCC6C /* FirebaseInstallations */,
				A62024372B0FF7ED002BCC6C /* FirebaseMLModelDownloader */,
				A62024392B0FF7ED002BCC6C /* FirebaseMessaging */,
				A620243B2B0FF7ED002BCC6C /* FirebasePerformance */,
				A620243D2B0FF7ED002BCC6C /* FirebaseRemoteConfig */,
				A620243F2B0FF7ED002BCC6C /* FirebaseRemoteConfigSwift */,
				A62024412B0FF7ED002BCC6C /* FirebaseStorage */,
				A62024432B0FF7ED002BCC6C /* FirebaseStorageCombine-Community */,
			);
			productName = ProjectAIFriend25;
			productReference = 998F1F882ADC6670004F8F0E /* ProjectAIFriend25.app */;
			productType = "com.apple.product-type.application";
		};
/* End PBXNativeTarget section */

/* Begin PBXProject section */
		998F1F802ADC6670004F8F0E /* Project object */ = {
			isa = PBXProject;
			attributes = {
				BuildIndependentTargetsInParallel = 1;
				KnownAssetTags = (
					"Action ",
				);
				LastSwiftUpdateCheck = 1500;
				LastUpgradeCheck = 1500;
				TargetAttributes = {
					998F1F872ADC6670004F8F0E = {
						CreatedOnToolsVersion = 15.0;
					};
				};
			};
			buildConfigurationList = 998F1F832ADC6670004F8F0E /* Build configuration list for PBXProject "ProjectAIFriend25" */;
			compatibilityVersion = "Xcode 14.0";
			developmentRegion = en;
			hasScannedForEncodings = 0;
			knownRegions = (
				en,
				Base,
			);
			mainGroup = 998F1F7F2ADC6670004F8F0E;
			packageReferences = (
				A620240E2B0FF7ED002BCC6C /* XCRemoteSwiftPackageReference "firebase-ios-sdk" */,
			);
			productRefGroup = 998F1F892ADC6670004F8F0E /* Products */;
			projectDirPath = "";
			projectRoot = "";
			targets = (
				998F1F872ADC6670004F8F0E /* ProjectAIFriend25 */,
			);
		};
/* End PBXProject section */

/* Begin PBXResourcesBuildPhase section */
		998F1F862ADC6670004F8F0E /* Resources */ = {
			isa = PBXResourcesBuildPhase;
			buildActionMask = 2147483647;
			files = (
				998F1F932ADC6671004F8F0E /* Preview Assets.xcassets in Resources */,
				A620240D2B0FF680002BCC6C /* GoogleService-Info.plist in Resources */,
				998F1F902ADC6671004F8F0E /* Assets.xcassets in Resources */,
				A62024032B0FD478002BCC6C /* Main.storyboard in Resources */,
			);
			runOnlyForDeploymentPostprocessing = 0;
		};
/* End PBXResourcesBuildPhase section */

/* Begin PBXSourcesBuildPhase section */
		998F1F842ADC6670004F8F0E /* Sources */ = {
			isa = PBXSourcesBuildPhase;
			buildActionMask = 2147483647;
			files = (
				A62024092B0FF433002BCC6C /* LoginViewController.swift in Sources */,
				A620240B2B0FF539002BCC6C /* CreateAccountViewController.swift in Sources */,
				995792FD2B103A0200F2FF42 /* FirstPageViewController.swift in Sources */,
				998F1F8E2ADC6670004F8F0E /* SceneDelegate.swift in Sources */,
				998F1F8C2ADC6670004F8F0E /* AppDelegate.swift in Sources */,
			);
			runOnlyForDeploymentPostprocessing = 0;
		};
/* End PBXSourcesBuildPhase section */

/* Begin XCBuildConfiguration section */
		998F1F942ADC6671004F8F0E /* Debug */ = {
			isa = XCBuildConfiguration;
			buildSettings = {
				ALWAYS_SEARCH_USER_PATHS = NO;
				ASSETCATALOG_COMPILER_GENERATE_SWIFT_ASSET_SYMBOL_EXTENSIONS = YES;
				CLANG_ANALYZER_NONNULL = YES;
				CLANG_ANALYZER_NUMBER_OBJECT_CONVERSION = YES_AGGRESSIVE;
				CLANG_CXX_LANGUAGE_STANDARD = "gnu++20";
				CLANG_ENABLE_MODULES = YES;
				CLANG_ENABLE_OBJC_ARC = YES;
				CLANG_ENABLE_OBJC_WEAK = YES;
				CLANG_WARN_BLOCK_CAPTURE_AUTORELEASING = YES;
				CLANG_WARN_BOOL_CONVERSION = YES;
				CLANG_WARN_COMMA = YES;
				CLANG_WARN_CONSTANT_CONVERSION = YES;
				CLANG_WARN_DEPRECATED_OBJC_IMPLEMENTATIONS = YES;
				CLANG_WARN_DIRECT_OBJC_ISA_USAGE = YES_ERROR;
				CLANG_WARN_DOCUMENTATION_COMMENTS = YES;
				CLANG_WARN_EMPTY_BODY = YES;
				CLANG_WARN_ENUM_CONVERSION = YES;
				CLANG_WARN_INFINITE_RECURSION = YES;
				CLANG_WARN_INT_CONVERSION = YES;
				CLANG_WARN_NON_LITERAL_NULL_CONVERSION = YES;
				CLANG_WARN_OBJC_IMPLICIT_RETAIN_SELF = YES;
				CLANG_WARN_OBJC_LITERAL_CONVERSION = YES;
				CLANG_WARN_OBJC_ROOT_CLASS = YES_ERROR;
				CLANG_WARN_QUOTED_INCLUDE_IN_FRAMEWORK_HEADER = YES;
				CLANG_WARN_RANGE_LOOP_ANALYSIS = YES;
				CLANG_WARN_STRICT_PROTOTYPES = YES;
				CLANG_WARN_SUSPICIOUS_MOVE = YES;
				CLANG_WARN_UNGUARDED_AVAILABILITY = YES_AGGRESSIVE;
				CLANG_WARN_UNREACHABLE_CODE = YES;
				CLANG_WARN__DUPLICATE_METHOD_MATCH = YES;
				COPY_PHASE_STRIP = NO;
				DEBUG_INFORMATION_FORMAT = dwarf;
				ENABLE_STRICT_OBJC_MSGSEND = YES;
				ENABLE_TESTABILITY = YES;
				ENABLE_USER_SCRIPT_SANDBOXING = YES;
				GCC_C_LANGUAGE_STANDARD = gnu17;
				GCC_DYNAMIC_NO_PIC = NO;
				GCC_NO_COMMON_BLOCKS = YES;
				GCC_OPTIMIZATION_LEVEL = 0;
				GCC_PREPROCESSOR_DEFINITIONS = (
					"DEBUG=1",
					"$(inherited)",
				);
				GCC_WARN_64_TO_32_BIT_CONVERSION = YES;
				GCC_WARN_ABOUT_RETURN_TYPE = YES_ERROR;
				GCC_WARN_UNDECLARED_SELECTOR = YES;
				GCC_WARN_UNINITIALIZED_AUTOS = YES_AGGRESSIVE;
				GCC_WARN_UNUSED_FUNCTION = YES;
				GCC_WARN_UNUSED_VARIABLE = YES;
				IPHONEOS_DEPLOYMENT_TARGET = 17.0;
				LOCALIZATION_PREFERS_STRING_CATALOGS = YES;
				MTL_ENABLE_DEBUG_INFO = INCLUDE_SOURCE;
				MTL_FAST_MATH = YES;
				ONLY_ACTIVE_ARCH = YES;
				SDKROOT = iphoneos;
				SWIFT_ACTIVE_COMPILATION_CONDITIONS = "DEBUG $(inherited)";
				SWIFT_OPTIMIZATION_LEVEL = "-Onone";
			};
			name = Debug;
		};
		998F1F952ADC6671004F8F0E /* Release */ = {
			isa = XCBuildConfiguration;
			buildSettings = {
				ALWAYS_SEARCH_USER_PATHS = NO;
				ASSETCATALOG_COMPILER_GENERATE_SWIFT_ASSET_SYMBOL_EXTENSIONS = YES;
				CLANG_ANALYZER_NONNULL = YES;
				CLANG_ANALYZER_NUMBER_OBJECT_CONVERSION = YES_AGGRESSIVE;
				CLANG_CXX_LANGUAGE_STANDARD = "gnu++20";
				CLANG_ENABLE_MODULES = YES;
				CLANG_ENABLE_OBJC_ARC = YES;
				CLANG_ENABLE_OBJC_WEAK = YES;
				CLANG_WARN_BLOCK_CAPTURE_AUTORELEASING = YES;
				CLANG_WARN_BOOL_CONVERSION = YES;
				CLANG_WARN_COMMA = YES;
				CLANG_WARN_CONSTANT_CONVERSION = YES;
				CLANG_WARN_DEPRECATED_OBJC_IMPLEMENTATIONS = YES;
				CLANG_WARN_DIRECT_OBJC_ISA_USAGE = YES_ERROR;
				CLANG_WARN_DOCUMENTATION_COMMENTS = YES;
				CLANG_WARN_EMPTY_BODY = YES;
				CLANG_WARN_ENUM_CONVERSION = YES;
				CLANG_WARN_INFINITE_RECURSION = YES;
				CLANG_WARN_INT_CONVERSION = YES;
				CLANG_WARN_NON_LITERAL_NULL_CONVERSION = YES;
				CLANG_WARN_OBJC_IMPLICIT_RETAIN_SELF = YES;
				CLANG_WARN_OBJC_LITERAL_CONVERSION = YES;
				CLANG_WARN_OBJC_ROOT_CLASS = YES_ERROR;
				CLANG_WARN_QUOTED_INCLUDE_IN_FRAMEWORK_HEADER = YES;
				CLANG_WARN_RANGE_LOOP_ANALYSIS = YES;
				CLANG_WARN_STRICT_PROTOTYPES = YES;
				CLANG_WARN_SUSPICIOUS_MOVE = YES;
				CLANG_WARN_UNGUARDED_AVAILABILITY = YES_AGGRESSIVE;
				CLANG_WARN_UNREACHABLE_CODE = YES;
				CLANG_WARN__DUPLICATE_METHOD_MATCH = YES;
				COPY_PHASE_STRIP = NO;
				DEBUG_INFORMATION_FORMAT = "dwarf-with-dsym";
				ENABLE_NS_ASSERTIONS = NO;
				ENABLE_STRICT_OBJC_MSGSEND = YES;
				ENABLE_USER_SCRIPT_SANDBOXING = YES;
				GCC_C_LANGUAGE_STANDARD = gnu17;
				GCC_NO_COMMON_BLOCKS = YES;
				GCC_WARN_64_TO_32_BIT_CONVERSION = YES;
				GCC_WARN_ABOUT_RETURN_TYPE = YES_ERROR;
				GCC_WARN_UNDECLARED_SELECTOR = YES;
				GCC_WARN_UNINITIALIZED_AUTOS = YES_AGGRESSIVE;
				GCC_WARN_UNUSED_FUNCTION = YES;
				GCC_WARN_UNUSED_VARIABLE = YES;
				IPHONEOS_DEPLOYMENT_TARGET = 17.0;
				LOCALIZATION_PREFERS_STRING_CATALOGS = YES;
				MTL_ENABLE_DEBUG_INFO = NO;
				MTL_FAST_MATH = YES;
				SDKROOT = iphoneos;
				SWIFT_COMPILATION_MODE = wholemodule;
				VALIDATE_PRODUCT = YES;
			};
			name = Release;
		};
		998F1F972ADC6671004F8F0E /* Debug */ = {
			isa = XCBuildConfiguration;
			buildSettings = {
				ASSETCATALOG_COMPILER_APPICON_NAME = AppIcon;
				ASSETCATALOG_COMPILER_GLOBAL_ACCENT_COLOR_NAME = AccentColor;
				CODE_SIGN_STYLE = Automatic;
				CURRENT_PROJECT_VERSION = 1;
				DEVELOPMENT_ASSET_PATHS = "\"ProjectAIFriend25/Preview Content\"";
				DEVELOPMENT_TEAM = PSFVG9Z6YV;
				ENABLE_PREVIEWS = YES;
				GENERATE_INFOPLIST_FILE = YES;
				INFOPLIST_KEY_UIApplicationSceneManifest_Generation = YES;
				INFOPLIST_KEY_UIApplicationSupportsIndirectInputEvents = YES;
				INFOPLIST_KEY_UILaunchScreen_Generation = YES;
				INFOPLIST_KEY_UISupportedInterfaceOrientations_iPad = "UIInterfaceOrientationPortrait UIInterfaceOrientationPortraitUpsideDown UIInterfaceOrientationLandscapeLeft UIInterfaceOrientationLandscapeRight";
				INFOPLIST_KEY_UISupportedInterfaceOrientations_iPhone = "UIInterfaceOrientationPortrait UIInterfaceOrientationLandscapeLeft UIInterfaceOrientationLandscapeRight";
				LD_RUNPATH_SEARCH_PATHS = (
					"$(inherited)",
					"@executable_path/Frameworks",
				);
				MARKETING_VERSION = 1.0;
				"OTHER_LDFLAGS[arch=*]" = (
					"-Xlinker",
					"-no_warn_duplicate_libraries",
				);
				PRODUCT_BUNDLE_IDENTIFIER = com.SR.ProjectAIFriend25;
				PRODUCT_NAME = "$(TARGET_NAME)";
				SWIFT_EMIT_LOC_STRINGS = YES;
				SWIFT_VERSION = 5.0;
				TARGETED_DEVICE_FAMILY = "1,2";
			};
			name = Debug;
		};
		998F1F982ADC6671004F8F0E /* Release */ = {
			isa = XCBuildConfiguration;
			buildSettings = {
				ASSETCATALOG_COMPILER_APPICON_NAME = AppIcon;
				ASSETCATALOG_COMPILER_GLOBAL_ACCENT_COLOR_NAME = AccentColor;
				CODE_SIGN_STYLE = Automatic;
				CURRENT_PROJECT_VERSION = 1;
				DEVELOPMENT_ASSET_PATHS = "\"ProjectAIFriend25/Preview Content\"";
				DEVELOPMENT_TEAM = PSFVG9Z6YV;
				ENABLE_PREVIEWS = YES;
				GENERATE_INFOPLIST_FILE = YES;
				INFOPLIST_KEY_UIApplicationSceneManifest_Generation = YES;
				INFOPLIST_KEY_UIApplicationSupportsIndirectInputEvents = YES;
				INFOPLIST_KEY_UILaunchScreen_Generation = YES;
				INFOPLIST_KEY_UISupportedInterfaceOrientations_iPad = "UIInterfaceOrientationPortrait UIInterfaceOrientationPortraitUpsideDown UIInterfaceOrientationLandscapeLeft UIInterfaceOrientationLandscapeRight";
				INFOPLIST_KEY_UISupportedInterfaceOrientations_iPhone = "UIInterfaceOrientationPortrait UIInterfaceOrientationLandscapeLeft UIInterfaceOrientationLandscapeRight";
				LD_RUNPATH_SEARCH_PATHS = (
					"$(inherited)",
					"@executable_path/Frameworks",
				);
				MARKETING_VERSION = 1.0;
				"OTHER_LDFLAGS[arch=*]" = (
					"-Xlinker",
					"-no_warn_duplicate_libraries",
				);
				"OTHER_LIBTOOLFLAGS[arch=*]" = "";
				PRODUCT_BUNDLE_IDENTIFIER = com.SR.ProjectAIFriend25;
				PRODUCT_NAME = "$(TARGET_NAME)";
				SWIFT_EMIT_LOC_STRINGS = YES;
				SWIFT_VERSION = 5.0;
				TARGETED_DEVICE_FAMILY = "1,2";
			};
			name = Release;
		};
/* End XCBuildConfiguration section */

/* Begin XCConfigurationList section */
		998F1F832ADC6670004F8F0E /* Build configuration list for PBXProject "ProjectAIFriend25" */ = {
			isa = XCConfigurationList;
			buildConfigurations = (
				998F1F942ADC6671004F8F0E /* Debug */,
				998F1F952ADC6671004F8F0E /* Release */,
			);
			defaultConfigurationIsVisible = 0;
			defaultConfigurationName = Release;
		};
		998F1F962ADC6671004F8F0E /* Build configuration list for PBXNativeTarget "ProjectAIFriend25" */ = {
			isa = XCConfigurationList;
			buildConfigurations = (
				998F1F972ADC6671004F8F0E /* Debug */,
				998F1F982ADC6671004F8F0E /* Release */,
			);
			defaultConfigurationIsVisible = 0;
			defaultConfigurationName = Release;
		};
/* End XCConfigurationList section */

/* Begin XCRemoteSwiftPackageReference section */
		A620240E2B0FF7ED002BCC6C /* XCRemoteSwiftPackageReference "firebase-ios-sdk" */ = {
			isa = XCRemoteSwiftPackageReference;
			repositoryURL = "https://github.com/firebase/firebase-ios-sdk";
			requirement = {
				kind = upToNextMajorVersion;
				minimumVersion = 10.18.0;
			};
		};
/* End XCRemoteSwiftPackageReference section */

/* Begin XCSwiftPackageProductDependency section */
		A620240F2B0FF7ED002BCC6C /* FirebaseAnalytics */ = {
			isa = XCSwiftPackageProductDependency;
			package = A620240E2B0FF7ED002BCC6C /* XCRemoteSwiftPackageReference "firebase-ios-sdk" */;
			productName = FirebaseAnalytics;
		};
		A62024112B0FF7ED002BCC6C /* FirebaseAnalyticsOnDeviceConversion */ = {
			isa = XCSwiftPackageProductDependency;
			package = A620240E2B0FF7ED002BCC6C /* XCRemoteSwiftPackageReference "firebase-ios-sdk" */;
			productName = FirebaseAnalyticsOnDeviceConversion;
		};
		A62024132B0FF7ED002BCC6C /* FirebaseAnalyticsSwift */ = {
			isa = XCSwiftPackageProductDependency;
			package = A620240E2B0FF7ED002BCC6C /* XCRemoteSwiftPackageReference "firebase-ios-sdk" */;
			productName = FirebaseAnalyticsSwift;
		};
		A62024152B0FF7ED002BCC6C /* FirebaseAnalyticsWithoutAdIdSupport */ = {
			isa = XCSwiftPackageProductDependency;
			package = A620240E2B0FF7ED002BCC6C /* XCRemoteSwiftPackageReference "firebase-ios-sdk" */;
			productName = FirebaseAnalyticsWithoutAdIdSupport;
		};
		A62024172B0FF7ED002BCC6C /* FirebaseAppCheck */ = {
			isa = XCSwiftPackageProductDependency;
			package = A620240E2B0FF7ED002BCC6C /* XCRemoteSwiftPackageReference "firebase-ios-sdk" */;
			productName = FirebaseAppCheck;
		};
		A62024192B0FF7ED002BCC6C /* FirebaseAppDistribution-Beta */ = {
			isa = XCSwiftPackageProductDependency;
			package = A620240E2B0FF7ED002BCC6C /* XCRemoteSwiftPackageReference "firebase-ios-sdk" */;
			productName = "FirebaseAppDistribution-Beta";
		};
		A620241B2B0FF7ED002BCC6C /* FirebaseAuth */ = {
			isa = XCSwiftPackageProductDependency;
			package = A620240E2B0FF7ED002BCC6C /* XCRemoteSwiftPackageReference "firebase-ios-sdk" */;
			productName = FirebaseAuth;
		};
		A620241D2B0FF7ED002BCC6C /* FirebaseAuthCombine-Community */ = {
			isa = XCSwiftPackageProductDependency;
			package = A620240E2B0FF7ED002BCC6C /* XCRemoteSwiftPackageReference "firebase-ios-sdk" */;
			productName = "FirebaseAuthCombine-Community";
		};
		A620241F2B0FF7ED002BCC6C /* FirebaseCrashlytics */ = {
			isa = XCSwiftPackageProductDependency;
			package = A620240E2B0FF7ED002BCC6C /* XCRemoteSwiftPackageReference "firebase-ios-sdk" */;
			productName = FirebaseCrashlytics;
		};
		A62024212B0FF7ED002BCC6C /* FirebaseDatabase */ = {
			isa = XCSwiftPackageProductDependency;
			package = A620240E2B0FF7ED002BCC6C /* XCRemoteSwiftPackageReference "firebase-ios-sdk" */;
			productName = FirebaseDatabase;
		};
		A62024232B0FF7ED002BCC6C /* FirebaseDatabaseSwift */ = {
			isa = XCSwiftPackageProductDependency;
			package = A620240E2B0FF7ED002BCC6C /* XCRemoteSwiftPackageReference "firebase-ios-sdk" */;
			productName = FirebaseDatabaseSwift;
		};
		A62024252B0FF7ED002BCC6C /* FirebaseDynamicLinks */ = {
			isa = XCSwiftPackageProductDependency;
			package = A620240E2B0FF7ED002BCC6C /* XCRemoteSwiftPackageReference "firebase-ios-sdk" */;
			productName = FirebaseDynamicLinks;
		};
		A62024272B0FF7ED002BCC6C /* FirebaseFirestore */ = {
			isa = XCSwiftPackageProductDependency;
			package = A620240E2B0FF7ED002BCC6C /* XCRemoteSwiftPackageReference "firebase-ios-sdk" */;
			productName = FirebaseFirestore;
		};
		A62024292B0FF7ED002BCC6C /* FirebaseFirestoreCombine-Community */ = {
			isa = XCSwiftPackageProductDependency;
			package = A620240E2B0FF7ED002BCC6C /* XCRemoteSwiftPackageReference "firebase-ios-sdk" */;
			productName = "FirebaseFirestoreCombine-Community";
		};
		A620242B2B0FF7ED002BCC6C /* FirebaseFirestoreSwift */ = {
			isa = XCSwiftPackageProductDependency;
			package = A620240E2B0FF7ED002BCC6C /* XCRemoteSwiftPackageReference "firebase-ios-sdk" */;
			productName = FirebaseFirestoreSwift;
		};
		A620242D2B0FF7ED002BCC6C /* FirebaseFunctions */ = {
			isa = XCSwiftPackageProductDependency;
			package = A620240E2B0FF7ED002BCC6C /* XCRemoteSwiftPackageReference "firebase-ios-sdk" */;
			productName = FirebaseFunctions;
		};
		A620242F2B0FF7ED002BCC6C /* FirebaseFunctionsCombine-Community */ = {
			isa = XCSwiftPackageProductDependency;
			package = A620240E2B0FF7ED002BCC6C /* XCRemoteSwiftPackageReference "firebase-ios-sdk" */;
			productName = "FirebaseFunctionsCombine-Community";
		};
		A62024312B0FF7ED002BCC6C /* FirebaseInAppMessaging-Beta */ = {
			isa = XCSwiftPackageProductDependency;
			package = A620240E2B0FF7ED002BCC6C /* XCRemoteSwiftPackageReference "firebase-ios-sdk" */;
			productName = "FirebaseInAppMessaging-Beta";
		};
		A62024332B0FF7ED002BCC6C /* FirebaseInAppMessagingSwift-Beta */ = {
			isa = XCSwiftPackageProductDependency;
			package = A620240E2B0FF7ED002BCC6C /* XCRemoteSwiftPackageReference "firebase-ios-sdk" */;
			productName = "FirebaseInAppMessagingSwift-Beta";
		};
		A62024352B0FF7ED002BCC6C /* FirebaseInstallations */ = {
			isa = XCSwiftPackageProductDependency;
			package = A620240E2B0FF7ED002BCC6C /* XCRemoteSwiftPackageReference "firebase-ios-sdk" */;
			productName = FirebaseInstallations;
		};
		A62024372B0FF7ED002BCC6C /* FirebaseMLModelDownloader */ = {
			isa = XCSwiftPackageProductDependency;
			package = A620240E2B0FF7ED002BCC6C /* XCRemoteSwiftPackageReference "firebase-ios-sdk" */;
			productName = FirebaseMLModelDownloader;
		};
		A62024392B0FF7ED002BCC6C /* FirebaseMessaging */ = {
			isa = XCSwiftPackageProductDependency;
			package = A620240E2B0FF7ED002BCC6C /* XCRemoteSwiftPackageReference "firebase-ios-sdk" */;
			productName = FirebaseMessaging;
		};
		A620243B2B0FF7ED002BCC6C /* FirebasePerformance */ = {
			isa = XCSwiftPackageProductDependency;
			package = A620240E2B0FF7ED002BCC6C /* XCRemoteSwiftPackageReference "firebase-ios-sdk" */;
			productName = FirebasePerformance;
		};
		A620243D2B0FF7ED002BCC6C /* FirebaseRemoteConfig */ = {
			isa = XCSwiftPackageProductDependency;
			package = A620240E2B0FF7ED002BCC6C /* XCRemoteSwiftPackageReference "firebase-ios-sdk" */;
			productName = FirebaseRemoteConfig;
		};
		A620243F2B0FF7ED002BCC6C /* FirebaseRemoteConfigSwift */ = {
			isa = XCSwiftPackageProductDependency;
			package = A620240E2B0FF7ED002BCC6C /* XCRemoteSwiftPackageReference "firebase-ios-sdk" */;
			productName = FirebaseRemoteConfigSwift;
		};
		A62024412B0FF7ED002BCC6C /* FirebaseStorage */ = {
			isa = XCSwiftPackageProductDependency;
			package = A620240E2B0FF7ED002BCC6C /* XCRemoteSwiftPackageReference "firebase-ios-sdk" */;
			productName = FirebaseStorage;
		};
		A62024432B0FF7ED002BCC6C /* FirebaseStorageCombine-Community */ = {
			isa = XCSwiftPackageProductDependency;
			package = A620240E2B0FF7ED002BCC6C /* XCRemoteSwiftPackageReference "firebase-ios-sdk" */;
			productName = "FirebaseStorageCombine-Community";
		};
/* End XCSwiftPackageProductDependency section */
	};
	rootObject = 998F1F802ADC6670004F8F0E /* Project object */;
}
